PODS:
  - paper-onboarding-pointzi (2.0.6)
  - pointzi (2.9.1):
    - paper-onboarding-pointzi
    - pointzi/Lite (= 2.9.1)
  - pointzi/Lite (2.9.1):
    - paper-onboarding-pointzi

DEPENDENCIES:
  - pointzi

SPEC REPOS:
  trunk:
    - paper-onboarding-pointzi
    - pointzi

SPEC CHECKSUMS:
  paper-onboarding-pointzi: 1349b198730213573a6171898dbbfb57dd581393
  pointzi: c5f1d575c49e98cb6c23ae7568d8fea8e5c13e98

PODFILE CHECKSUM: 7381390949800376581c641a2bb7a49087df8dcc

COCOAPODS: 1.11.2
